
Microsoft Visual Studio Solution File, Format Version 12.00
# Visual Studio Version 16
VisualStudioVersion = 16.0.31729.503
MinimumVisualStudioVersion = 10.0.40219.1
Project("{9A19103F-16F7-4668-BE54-9A1E7A4F7556}") = "Lab8", "Lab8\Lab8.csproj", "{A370DC1B-64EA-47C3-AD91-87B916D5073A}"
EndProject
Project("{9A19103F-16F7-4668-BE54-9A1E7A4F7556}") = "Lab8_2", "Lab8_2\Lab8_2.csproj", "{2DC07020-598C-4D47-B9DA-DF38F7B64DB5}"
EndProject
Project("{FAE04EC0-301F-11D3-BF4B-00C04F79EFBC}") = "Lab8_3", "Lab8_3\Lab8_3.csproj", "{6DFCBCAB-FD7C-4537-851E-11074914F92F}"
EndProject
Global
	GlobalSection(SolutionConfigurationPlatforms) = preSolution
		Debug|Any CPU = Debug|Any CPU
		Release|Any CPU = Release|Any CPU
	EndGlobalSection
	GlobalSection(ProjectConfigurationPlatforms) = postSolution
		{A370DC1B-64EA-47C3-AD91-87B916D5073A}.Debug|Any CPU.ActiveCfg = Debug|Any CPU
		{A370DC1B-64EA-47C3-AD91-87B916D5073A}.Debug|Any CPU.Build.0 = Debug|Any CPU
		{A370DC1B-64EA-47C3-AD91-87B916D5073A}.Release|Any CPU.ActiveCfg = Release|Any CPU
		{A370DC1B-64EA-47C3-AD91-87B916D5073A}.Release|Any CPU.Build.0 = Release|Any CPU
		{2DC07020-598C-4D47-B9DA-DF38F7B64DB5}.Debug|Any CPU.ActiveCfg = Debug|Any CPU
		{2DC07020-598C-4D47-B9DA-DF38F7B64DB5}.Debug|Any CPU.Build.0 = Debug|Any CPU
		{2DC07020-598C-4D47-B9DA-DF38F7B64DB5}.Release|Any CPU.ActiveCfg = Release|Any CPU
		{2DC07020-598C-4D47-B9DA-DF38F7B64DB5}.Release|Any CPU.Build.0 = Release|Any CPU
		{6DFCBCAB-FD7C-4537-851E-11074914F92F}.Debug|Any CPU.ActiveCfg = Debug|Any CPU
		{6DFCBCAB-FD7C-4537-851E-11074914F92F}.Debug|Any CPU.Build.0 = Debug|Any CPU
		{6DFCBCAB-FD7C-4537-851E-11074914F92F}.Release|Any CPU.ActiveCfg = Release|Any CPU
		{6DFCBCAB-FD7C-4537-851E-11074914F92F}.Release|Any CPU.Build.0 = Release|Any CPU
	EndGlobalSection
	GlobalSection(SolutionProperties) = preSolution
		HideSolutionNode = FALSE
	EndGlobalSection
	GlobalSection(ExtensibilityGlobals) = postSolution
		SolutionGuid = {E2872484-52F7-4856-BBB9-D6B40CDA246A}
	EndGlobalSection
EndGlobal
